// !$*UTF8*$!
{
	archiveVersion = 1;
	classes = {
	};
	objectVersion = 56;
	objects = {

/* Begin PBXBuildFile section */
		F7B4862C2A9B64A800CDB4E7 /* LearnerApp.swift in Sources */ = {isa = PBXBuildFile; fileRef = F7B4862B2A9B64A800CDB4E7 /* LearnerApp.swift */; };
		F7B4862E2A9B64A800CDB4E7 /* ContentView.swift in Sources */ = {isa = PBXBuildFile; fileRef = F7B4862D2A9B64A800CDB4E7 /* ContentView.swift */; };
		F7B486302A9B64A900CDB4E7 /* Assets.xcassets in Resources */ = {isa = PBXBuildFile; fileRef = F7B4862F2A9B64A900CDB4E7 /* Assets.xcassets */; };
		F7B486342A9B64A900CDB4E7 /* Preview Assets.xcassets in Resources */ = {isa = PBXBuildFile; fileRef = F7B486332A9B64A900CDB4E7 /* Preview Assets.xcassets */; };
		F7B4863E2A9B64AA00CDB4E7 /* LearnerTests.swift in Sources */ = {isa = PBXBuildFile; fileRef = F7B4863D2A9B64AA00CDB4E7 /* LearnerTests.swift */; };
		F7B486482A9B64AA00CDB4E7 /* LearnerUITests.swift in Sources */ = {isa = PBXBuildFile; fileRef = F7B486472A9B64AA00CDB4E7 /* LearnerUITests.swift */; };
		F7B4864A2A9B64AA00CDB4E7 /* LearnerUITestsLaunchTests.swift in Sources */ = {isa = PBXBuildFile; fileRef = F7B486492A9B64AA00CDB4E7 /* LearnerUITestsLaunchTests.swift */; };
/* End PBXBuildFile section */

/* Begin PBXContainerItemProxy section */
		F7B4863A2A9B64A900CDB4E7 /* PBXContainerItemProxy */ = {
			isa = PBXContainerItemProxy;
			containerPortal = F7B486202A9B64A800CDB4E7 /* Project object */;
			proxyType = 1;
			remoteGlobalIDString = F7B486272A9B64A800CDB4E7;
			remoteInfo = Learner;
		};
		F7B486442A9B64AA00CDB4E7 /* PBXContainerItemProxy */ = {
			isa = PBXContainerItemProxy;
			containerPortal = F7B486202A9B64A800CDB4E7 /* Project object */;
			proxyType = 1;
			remoteGlobalIDString = F7B486272A9B64A800CDB4E7;
			remoteInfo = Learner;
		};
/* End PBXContainerItemProxy section */

/* Begin PBXFileReference section */
		F7B486282A9B64A800CDB4E7 /* Learner.app */ = {isa = PBXFileReference; explicitFileType = wrapper.application; includeInIndex = 0; path = Learner.app; sourceTree = BUILT_PRODUCTS_DIR; };
		F7B4862B2A9B64A800CDB4E7 /* LearnerApp.swift */ = {isa = PBXFileReference; lastKnownFileType = sourcecode.swift; path = LearnerApp.swift; sourceTree = "<group>"; };
		F7B4862D2A9B64A800CDB4E7 /* ContentView.swift */ = {isa = PBXFileReference; lastKnownFileType = sourcecode.swift; path = ContentView.swift; sourceTree = "<group>"; };
		F7B4862F2A9B64A900CDB4E7 /* Assets.xcassets */ = {isa = PBXFileReference; lastKnownFileType = folder.assetcatalog; path = Assets.xcassets; sourceTree = "<group>"; };
		F7B486312A9B64A900CDB4E7 /* Learner.entitlements */ = {isa = PBXFileReference; lastKnownFileType = text.plist.entitlements; path = Learner.entitlements; sourceTree = "<group>"; };
		F7B486332A9B64A900CDB4E7 /* Preview Assets.xcassets */ = {isa = PBXFileReference; lastKnownFileType = folder.assetcatalog; path = "Preview Assets.xcassets"; sourceTree = "<group>"; };
		F7B486392A9B64A900CDB4E7 /* LearnerTests.xctest */ = {isa = PBXFileReference; explicitFileType = wrapper.cfbundle; includeInIndex = 0; path = LearnerTests.xctest; sourceTree = BUILT_PRODUCTS_DIR; };
		F7B4863D2A9B64AA00CDB4E7 /* LearnerTests.swift */ = {isa = PBXFileReference; lastKnownFileType = sourcecode.swift; path = LearnerTests.swift; sourceTree = "<group>"; };
		F7B486432A9B64AA00CDB4E7 /* LearnerUITests.xctest */ = {isa = PBXFileReference; explicitFileType = wrapper.cfbundle; includeInIndex = 0; path = LearnerUITests.xctest; sourceTree = BUILT_PRODUCTS_DIR; };
		F7B486472A9B64AA00CDB4E7 /* LearnerUITests.swift */ = {isa = PBXFileReference; lastKnownFileType = sourcecode.swift; path = LearnerUITests.swift; sourceTree = "<group>"; };
		F7B486492A9B64AA00CDB4E7 /* LearnerUITestsLaunchTests.swift */ = {isa = PBXFileReference; lastKnownFileType = sourcecode.swift; path = LearnerUITestsLaunchTests.swift; sourceTree = "<group>"; };
/* End PBXFileReference section */

/* Begin PBXFrameworksBuildPhase section */
		F7B486252A9B64A800CDB4E7 /* Frameworks */ = {
			isa = PBXFrameworksBuildPhase;
			buildActionMask = 2147483647;
			files = (
			);
			runOnlyForDeploymentPostprocessing = 0;
		};
		F7B486362A9B64A900CDB4E7 /* Frameworks */ = {
			isa = PBXFrameworksBuildPhase;
			buildActionMask = 2147483647;
			files = (
			);
			runOnlyForDeploymentPostprocessing = 0;
		};
		F7B486402A9B64AA00CDB4E7 /* Frameworks */ = {
			isa = PBXFrameworksBuildPhase;
			buildActionMask = 2147483647;
			files = (
			);
			runOnlyForDeploymentPostprocessing = 0;
		};
/* End PBXFrameworksBuildPhase section */

/* Begin PBXGroup section */
		F7B4861F2A9B64A800CDB4E7 = {
			isa = PBXGroup;
			children = (
				F7B4862A2A9B64A800CDB4E7 /* Learner */,
				F7B4863C2A9B64AA00CDB4E7 /* LearnerTests */,
				F7B486462A9B64AA00CDB4E7 /* LearnerUITests */,
				F7B486292A9B64A800CDB4E7 /* Products */,
			);
			sourceTree = "<group>";
		};
		F7B486292A9B64A800CDB4E7 /* Products */ = {
			isa = PBXGroup;
			children = (
				F7B486282A9B64A800CDB4E7 /* Learner.app */,
				F7B486392A9B64A900CDB4E7 /* LearnerTests.xctest */,
				F7B486432A9B64AA00CDB4E7 /* LearnerUITests.xctest */,
			);
			name = Products;
			sourceTree = "<group>";
		};
		F7B4862A2A9B64A800CDB4E7 /* Learner */ = {
			isa = PBXGroup;
			children = (
				F7B4862B2A9B64A800CDB4E7 /* LearnerApp.swift */,
				F7B4862D2A9B64A800CDB4E7 /* ContentView.swift */,
				F7B4862F2A9B64A900CDB4E7 /* Assets.xcassets */,
				F7B486312A9B64A900CDB4E7 /* Learner.entitlements */,
				F7B486322A9B64A900CDB4E7 /* Preview Content */,
			);
			path = Learner;
			sourceTree = "<group>";
		};
		F7B486322A9B64A900CDB4E7 /* Preview Content */ = {
			isa = PBXGroup;
			children = (
				F7B486332A9B64A900CDB4E7 /* Preview Assets.xcassets */,
			);
			path = "Preview Content";
			sourceTree = "<group>";
		};
		F7B4863C2A9B64AA00CDB4E7 /* LearnerTests */ = {
			isa = PBXGroup;
			children = (
				F7B4863D2A9B64AA00CDB4E7 /* LearnerTests.swift */,
			);
			path = LearnerTests;
			sourceTree = "<group>";
		};
		F7B486462A9B64AA00CDB4E7 /* LearnerUITests */ = {
			isa = PBXGroup;
			children = (
				F7B486472A9B64AA00CDB4E7 /* LearnerUITests.swift */,
				F7B486492A9B64AA00CDB4E7 /* LearnerUITestsLaunchTests.swift */,
			);
			path = LearnerUITests;
			sourceTree = "<group>";
		};
/* End PBXGroup section */

/* Begin PBXNativeTarget section */
		F7B486272A9B64A800CDB4E7 /* Learner */ = {
			isa = PBXNativeTarget;
			buildConfigurationList = F7B4864D2A9B64AA00CDB4E7 /* Build configuration list for PBXNativeTarget "Learner" */;
			buildPhases = (
				F7B486242A9B64A800CDB4E7 /* Sources */,
				F7B486252A9B64A800CDB4E7 /* Frameworks */,
				F7B486262A9B64A800CDB4E7 /* Resources */,
			);
			buildRules = (
			);
			dependencies = (
			);
			name = Learner;
			productName = Learner;
			productReference = F7B486282A9B64A800CDB4E7 /* Learner.app */;
			productType = "com.apple.product-type.application";
		};
		F7B486382A9B64A900CDB4E7 /* LearnerTests */ = {
			isa = PBXNativeTarget;
			buildConfigurationList = F7B486502A9B64AA00CDB4E7 /* Build configuration list for PBXNativeTarget "LearnerTests" */;
			buildPhases = (
				F7B486352A9B64A900CDB4E7 /* Sources */,
				F7B486362A9B64A900CDB4E7 /* Frameworks */,
				F7B486372A9B64A900CDB4E7 /* Resources */,
			);
			buildRules = (
			);
			dependencies = (
				F7B4863B2A9B64A900CDB4E7 /* PBXTargetDependency */,
			);
			name = LearnerTests;
			productName = LearnerTests;
			productReference = F7B486392A9B64A900CDB4E7 /* LearnerTests.xctest */;
			productType = "com.apple.product-type.bundle.unit-test";
		};
		F7B486422A9B64AA00CDB4E7 /* LearnerUITests */ = {
			isa = PBXNativeTarget;
			buildConfigurationList = F7B486532A9B64AA00CDB4E7 /* Build configuration list for PBXNativeTarget "LearnerUITests" */;
			buildPhases = (
				F7B4863F2A9B64AA00CDB4E7 /* Sources */,
				F7B486402A9B64AA00CDB4E7 /* Frameworks */,
				F7B486412A9B64AA00CDB4E7 /* Resources */,
			);
			buildRules = (
			);
			dependencies = (
				F7B486452A9B64AA00CDB4E7 /* PBXTargetDependency */,
			);
			name = LearnerUITests;
			productName = LearnerUITests;
			productReference = F7B486432A9B64AA00CDB4E7 /* LearnerUITests.xctest */;
			productType = "com.apple.product-type.bundle.ui-testing";
		};
/* End PBXNativeTarget section */

/* Begin PBXProject section */
		F7B486202A9B64A800CDB4E7 /* Project object */ = {
			isa = PBXProject;
			attributes = {
				BuildIndependentTargetsInParallel = 1;
				LastSwiftUpdateCheck = 1430;
				LastUpgradeCheck = 1430;
				TargetAttributes = {
					F7B486272A9B64A800CDB4E7 = {
						CreatedOnToolsVersion = 14.3.1;
					};
					F7B486382A9B64A900CDB4E7 = {
						CreatedOnToolsVersion = 14.3.1;
						TestTargetID = F7B486272A9B64A800CDB4E7;
					};
					F7B486422A9B64AA00CDB4E7 = {
						CreatedOnToolsVersion = 14.3.1;
						TestTargetID = F7B486272A9B64A800CDB4E7;
					};
				};
			};
			buildConfigurationList = F7B486232A9B64A800CDB4E7 /* Build configuration list for PBXProject "Learner" */;
			compatibilityVersion = "Xcode 14.0";
			developmentRegion = en;
			hasScannedForEncodings = 0;
			knownRegions = (
				en,
				Base,
			);
			mainGroup = F7B4861F2A9B64A800CDB4E7;
			productRefGroup = F7B486292A9B64A800CDB4E7 /* Products */;
			projectDirPath = "";
			projectRoot = "";
			targets = (
				F7B486272A9B64A800CDB4E7 /* Learner */,
				F7B486382A9B64A900CDB4E7 /* LearnerTests */,
				F7B486422A9B64AA00CDB4E7 /* LearnerUITests */,
			);
		};
/* End PBXProject section */

/* Begin PBXResourcesBuildPhase section */
		F7B486262A9B64A800CDB4E7 /* Resources */ = {
			isa = PBXResourcesBuildPhase;
			buildActionMask = 2147483647;
			files = (
				F7B486342A9B64A900CDB4E7 /* Preview Assets.xcassets in Resources */,
				F7B486302A9B64A900CDB4E7 /* Assets.xcassets in Resources */,
			);
			runOnlyForDeploymentPostprocessing = 0;
		};
		F7B486372A9B64A900CDB4E7 /* Resources */ = {
			isa = PBXResourcesBuildPhase;
			buildActionMask = 2147483647;
			files = (
			);
			runOnlyForDeploymentPostprocessing = 0;
		};
		F7B486412A9B64AA00CDB4E7 /* Resources */ = {
			isa = PBXResourcesBuildPhase;
			buildActionMask = 2147483647;
			files = (
			);
			runOnlyForDeploymentPostprocessing = 0;
		};
/* End PBXResourcesBuildPhase section */

/* Begin PBXSourcesBuildPhase section */
		F7B486242A9B64A800CDB4E7 /* Sources */ = {
			isa = PBXSourcesBuildPhase;
			buildActionMask = 2147483647;
			files = (
				F7B4862E2A9B64A800CDB4E7 /* ContentView.swift in Sources */,
				F7B4862C2A9B64A800CDB4E7 /* LearnerApp.swift in Sources */,
			);
			runOnlyForDeploymentPostprocessing = 0;
		};
		F7B486352A9B64A900CDB4E7 /* Sources */ = {
			isa = PBXSourcesBuildPhase;
			buildActionMask = 2147483647;
			files = (
				F7B4863E2A9B64AA00CDB4E7 /* LearnerTests.swift in Sources */,
			);
			runOnlyForDeploymentPostprocessing = 0;
		};
		F7B4863F2A9B64AA00CDB4E7 /* Sources */ = {
			isa = PBXSourcesBuildPhase;
			buildActionMask = 2147483647;
			files = (
				F7B4864A2A9B64AA00CDB4E7 /* LearnerUITestsLaunchTests.swift in Sources */,
				F7B486482A9B64AA00CDB4E7 /* LearnerUITests.swift in Sources */,
			);
			runOnlyForDeploymentPostprocessing = 0;
		};
/* End PBXSourcesBuildPhase section */

/* Begin PBXTargetDependency section */
		F7B4863B2A9B64A900CDB4E7 /* PBXTargetDependency */ = {
			isa = PBXTargetDependency;
			target = F7B486272A9B64A800CDB4E7 /* Learner */;
			targetProxy = F7B4863A2A9B64A900CDB4E7 /* PBXContainerItemProxy */;
		};
		F7B486452A9B64AA00CDB4E7 /* PBXTargetDependency */ = {
			isa = PBXTargetDependency;
			target = F7B486272A9B64A800CDB4E7 /* Learner */;
			targetProxy = F7B486442A9B64AA00CDB4E7 /* PBXContainerItemProxy */;
		};
/* End PBXTargetDependency section */

/* Begin XCBuildConfiguration section */
		F7B4864B2A9B64AA00CDB4E7 /* Debug */ = {
			isa = XCBuildConfiguration;
			buildSettings = {
				ALWAYS_SEARCH_USER_PATHS = NO;
				CLANG_ANALYZER_NONNULL = YES;
				CLANG_ANALYZER_NUMBER_OBJECT_CONVERSION = YES_AGGRESSIVE;
				CLANG_CXX_LANGUAGE_STANDARD = "gnu++20";
				CLANG_ENABLE_MODULES = YES;
				CLANG_ENABLE_OBJC_ARC = YES;
				CLANG_ENABLE_OBJC_WEAK = YES;
				CLANG_WARN_BLOCK_CAPTURE_AUTORELEASING = YES;
				CLANG_WARN_BOOL_CONVERSION = YES;
				CLANG_WARN_COMMA = YES;
				CLANG_WARN_CONSTANT_CONVERSION = YES;
				CLANG_WARN_DEPRECATED_OBJC_IMPLEMENTATIONS = YES;
				CLANG_WARN_DIRECT_OBJC_ISA_USAGE = YES_ERROR;
				CLANG_WARN_DOCUMENTATION_COMMENTS = YES;
				CLANG_WARN_EMPTY_BODY = YES;
				CLANG_WARN_ENUM_CONVERSION = YES;
				CLANG_WARN_INFINITE_RECURSION = YES;
				CLANG_WARN_INT_CONVERSION = YES;
				CLANG_WARN_NON_LITERAL_NULL_CONVERSION = YES;
				CLANG_WARN_OBJC_IMPLICIT_RETAIN_SELF = YES;
				CLANG_WARN_OBJC_LITERAL_CONVERSION = YES;
				CLANG_WARN_OBJC_ROOT_CLASS = YES_ERROR;
				CLANG_WARN_QUOTED_INCLUDE_IN_FRAMEWORK_HEADER = YES;
				CLANG_WARN_RANGE_LOOP_ANALYSIS = YES;
				CLANG_WARN_STRICT_PROTOTYPES = YES;
				CLANG_WARN_SUSPICIOUS_MOVE = YES;
				CLANG_WARN_UNGUARDED_AVAILABILITY = YES_AGGRESSIVE;
				CLANG_WARN_UNREACHABLE_CODE = YES;
				CLANG_WARN__DUPLICATE_METHOD_MATCH = YES;
				COPY_PHASE_STRIP = NO;
				DEBUG_INFORMATION_FORMAT = dwarf;
				ENABLE_STRICT_OBJC_MSGSEND = YES;
				ENABLE_TESTABILITY = YES;
				GCC_C_LANGUAGE_STANDARD = gnu11;
				GCC_DYNAMIC_NO_PIC = NO;
				GCC_NO_COMMON_BLOCKS = YES;
				GCC_OPTIMIZATION_LEVEL = 0;
				GCC_PREPROCESSOR_DEFINITIONS = (
					"DEBUG=1",
					"$(inherited)",
				);
				GCC_WARN_64_TO_32_BIT_CONVERSION = YES;
				GCC_WARN_ABOUT_RETURN_TYPE = YES_ERROR;
				GCC_WARN_UNDECLARED_SELECTOR = YES;
				GCC_WARN_UNINITIALIZED_AUTOS = YES_AGGRESSIVE;
				GCC_WARN_UNUSED_FUNCTION = YES;
				GCC_WARN_UNUSED_VARIABLE = YES;
				MTL_ENABLE_DEBUG_INFO = INCLUDE_SOURCE;
				MTL_FAST_MATH = YES;
				ONLY_ACTIVE_ARCH = YES;
				SWIFT_ACTIVE_COMPILATION_CONDITIONS = DEBUG;
				SWIFT_OPTIMIZATION_LEVEL = "-Onone";
			};
			name = Debug;
		};
		F7B4864C2A9B64AA00CDB4E7 /* Release */ = {
			isa = XCBuildConfiguration;
			buildSettings = {
				ALWAYS_SEARCH_USER_PATHS = NO;
				CLANG_ANALYZER_NONNULL = YES;
				CLANG_ANALYZER_NUMBER_OBJECT_CONVERSION = YES_AGGRESSIVE;
				CLANG_CXX_LANGUAGE_STANDARD = "gnu++20";
				CLANG_ENABLE_MODULES = YES;
				CLANG_ENABLE_OBJC_ARC = YES;
				CLANG_ENABLE_OBJC_WEAK = YES;
				CLANG_WARN_BLOCK_CAPTURE_AUTORELEASING = YES;
				CLANG_WARN_BOOL_CONVERSION = YES;
				CLANG_WARN_COMMA = YES;
				CLANG_WARN_CONSTANT_CONVERSION = YES;
				CLANG_WARN_DEPRECATED_OBJC_IMPLEMENTATIONS = YES;
				CLANG_WARN_DIRECT_OBJC_ISA_USAGE = YES_ERROR;
				CLANG_WARN_DOCUMENTATION_COMMENTS = YES;
				CLANG_WARN_EMPTY_BODY = YES;
				CLANG_WARN_ENUM_CONVERSION = YES;
				CLANG_WARN_INFINITE_RECURSION = YES;
				CLANG_WARN_INT_CONVERSION = YES;
				CLANG_WARN_NON_LITERAL_NULL_CONVERSION = YES;
				CLANG_WARN_OBJC_IMPLICIT_RETAIN_SELF = YES;
				CLANG_WARN_OBJC_LITERAL_CONVERSION = YES;
				CLANG_WARN_OBJC_ROOT_CLASS = YES_ERROR;
				CLANG_WARN_QUOTED_INCLUDE_IN_FRAMEWORK_HEADER = YES;
				CLANG_WARN_RANGE_LOOP_ANALYSIS = YES;
				CLANG_WARN_STRICT_PROTOTYPES = YES;
				CLANG_WARN_SUSPICIOUS_MOVE = YES;
				CLANG_WARN_UNGUARDED_AVAILABILITY = YES_AGGRESSIVE;
				CLANG_WARN_UNREACHABLE_CODE = YES;
				CLANG_WARN__DUPLICATE_METHOD_MATCH = YES;
				COPY_PHASE_STRIP = NO;
				DEBUG_INFORMATION_FORMAT = "dwarf-with-dsym";
				ENABLE_NS_ASSERTIONS = NO;
				ENABLE_STRICT_OBJC_MSGSEND = YES;
				GCC_C_LANGUAGE_STANDARD = gnu11;
				GCC_NO_COMMON_BLOCKS = YES;
				GCC_WARN_64_TO_32_BIT_CONVERSION = YES;
				GCC_WARN_ABOUT_RETURN_TYPE = YES_ERROR;
				GCC_WARN_UNDECLARED_SELECTOR = YES;
				GCC_WARN_UNINITIALIZED_AUTOS = YES_AGGRESSIVE;
				GCC_WARN_UNUSED_FUNCTION = YES;
				GCC_WARN_UNUSED_VARIABLE = YES;
				MTL_ENABLE_DEBUG_INFO = NO;
				MTL_FAST_MATH = YES;
				SWIFT_COMPILATION_MODE = wholemodule;
				SWIFT_OPTIMIZATION_LEVEL = "-O";
			};
			name = Release;
		};
		F7B4864E2A9B64AA00CDB4E7 /* Debug */ = {
			isa = XCBuildConfiguration;
			buildSettings = {
				ASSETCATALOG_COMPILER_APPICON_NAME = AppIcon;
				ASSETCATALOG_COMPILER_GLOBAL_ACCENT_COLOR_NAME = AccentColor;
				CODE_SIGN_ENTITLEMENTS = Learner/Learner.entitlements;
				CODE_SIGN_STYLE = Automatic;
				CURRENT_PROJECT_VERSION = 1;
				DEVELOPMENT_ASSET_PATHS = "\"Learner/Preview Content\"";
				ENABLE_PREVIEWS = YES;
				GENERATE_INFOPLIST_FILE = YES;
				"INFOPLIST_KEY_UIApplicationSceneManifest_Generation[sdk=iphoneos*]" = YES;
				"INFOPLIST_KEY_UIApplicationSceneManifest_Generation[sdk=iphonesimulator*]" = YES;
				"INFOPLIST_KEY_UIApplicationSupportsIndirectInputEvents[sdk=iphoneos*]" = YES;
				"INFOPLIST_KEY_UIApplicationSupportsIndirectInputEvents[sdk=iphonesimulator*]" = YES;
				"INFOPLIST_KEY_UILaunchScreen_Generation[sdk=iphoneos*]" = YES;
				"INFOPLIST_KEY_UILaunchScreen_Generation[sdk=iphonesimulator*]" = YES;
				"INFOPLIST_KEY_UIStatusBarStyle[sdk=iphoneos*]" = UIStatusBarStyleDefault;
				"INFOPLIST_KEY_UIStatusBarStyle[sdk=iphonesimulator*]" = UIStatusBarStyleDefault;
				INFOPLIST_KEY_UISupportedInterfaceOrientations_iPad = "UIInterfaceOrientationPortrait UIInterfaceOrientationPortraitUpsideDown UIInterfaceOrientationLandscapeLeft UIInterfaceOrientationLandscapeRight";
				INFOPLIST_KEY_UISupportedInterfaceOrientations_iPhone = "UIInterfaceOrientationPortrait UIInterfaceOrientationLandscapeLeft UIInterfaceOrientationLandscapeRight";
				IPHONEOS_DEPLOYMENT_TARGET = 16.4;
				LD_RUNPATH_SEARCH_PATHS = "@executable_path/Frameworks";
				"LD_RUNPATH_SEARCH_PATHS[sdk=macosx*]" = "@executable_path/../Frameworks";
				MACOSX_DEPLOYMENT_TARGET = 13.3;
				MARKETING_VERSION = 1.0;
				PRODUCT_BUNDLE_IDENTIFIER = Cayote.Learner;
				PRODUCT_NAME = "$(TARGET_NAME)";
				SDKROOT = auto;
				SUPPORTED_PLATFORMS = "iphoneos iphonesimulator macosx";
				SWIFT_EMIT_LOC_STRINGS = YES;
				SWIFT_VERSION = 5.0;
				TARGETED_DEVICE_FAMILY = "1,2";
			};
			name = Debug;
		};
		F7B4864F2A9B64AA00CDB4E7 /* Release */ = {
			isa = XCBuildConfiguration;
			buildSettings = {
				ASSETCATALOG_COMPILER_APPICON_NAME = AppIcon;
				ASSETCATALOG_COMPILER_GLOBAL_ACCENT_COLOR_NAME = AccentColor;
				CODE_SIGN_ENTITLEMENTS = Learner/Learner.entitlements;
				CODE_SIGN_STYLE = Automatic;
				CURRENT_PROJECT_VERSION = 1;
				DEVELOPMENT_ASSET_PATHS = "\"Learner/Preview Content\"";
				ENABLE_PREVIEWS = YES;
				GENERATE_INFOPLIST_FILE = YES;
				"INFOPLIST_KEY_UIApplicationSceneManifest_Generation[sdk=iphoneos*]" = YES;
				"INFOPLIST_KEY_UIApplicationSceneManifest_Generation[sdk=iphonesimulator*]" = YES;
				"INFOPLIST_KEY_UIApplicationSupportsIndirectInputEvents[sdk=iphoneos*]" = YES;
				"INFOPLIST_KEY_UIApplicationSupportsIndirectInputEvents[sdk=iphonesimulator*]" = YES;
				"INFOPLIST_KEY_UILaunchScreen_Generation[sdk=iphoneos*]" = YES;
				"INFOPLIST_KEY_UILaunchScreen_Generation[sdk=iphonesimulator*]" = YES;
				"INFOPLIST_KEY_UIStatusBarStyle[sdk=iphoneos*]" = UIStatusBarStyleDefault;
				"INFOPLIST_KEY_UIStatusBarStyle[sdk=iphonesimulator*]" = UIStatusBarStyleDefault;
				INFOPLIST_KEY_UISupportedInterfaceOrientations_iPad = "UIInterfaceOrientationPortrait UIInterfaceOrientationPortraitUpsideDown UIInterfaceOrientationLandscapeLeft UIInterfaceOrientationLandscapeRight";
				INFOPLIST_KEY_UISupportedInterfaceOrientations_iPhone = "UIInterfaceOrientationPortrait UIInterfaceOrientationLandscapeLeft UIInterfaceOrientationLandscapeRight";
				IPHONEOS_DEPLOYMENT_TARGET = 16.4;
				LD_RUNPATH_SEARCH_PATHS = "@executable_path/Frameworks";
				"LD_RUNPATH_SEARCH_PATHS[sdk=macosx*]" = "@executable_path/../Frameworks";
				MACOSX_DEPLOYMENT_TARGET = 13.3;
				MARKETING_VERSION = 1.0;
				PRODUCT_BUNDLE_IDENTIFIER = Cayote.Learner;
				PRODUCT_NAME = "$(TARGET_NAME)";
				SDKROOT = auto;
				SUPPORTED_PLATFORMS = "iphoneos iphonesimulator macosx";
				SWIFT_EMIT_LOC_STRINGS = YES;
				SWIFT_VERSION = 5.0;
				TARGETED_DEVICE_FAMILY = "1,2";
			};
			name = Release;
		};
		F7B486512A9B64AA00CDB4E7 /* Debug */ = {
			isa = XCBuildConfiguration;
			buildSettings = {
				ALWAYS_EMBED_SWIFT_STANDARD_LIBRARIES = YES;
				BUNDLE_LOADER = "$(TEST_HOST)";
				CODE_SIGN_STYLE = Automatic;
				CURRENT_PROJECT_VERSION = 1;
				GENERATE_INFOPLIST_FILE = YES;
				IPHONEOS_DEPLOYMENT_TARGET = 16.4;
				MACOSX_DEPLOYMENT_TARGET = 13.3;
				MARKETING_VERSION = 1.0;
				PRODUCT_BUNDLE_IDENTIFIER = Cayote.LearnerTests;
				PRODUCT_NAME = "$(TARGET_NAME)";
				SDKROOT = auto;
				SUPPORTED_PLATFORMS = "iphoneos iphonesimulator macosx";
				SWIFT_EMIT_LOC_STRINGS = NO;
				SWIFT_VERSION = 5.0;
				TARGETED_DEVICE_FAMILY = "1,2";
				TEST_HOST = "$(BUILT_PRODUCTS_DIR)/Learner.app/$(BUNDLE_EXECUTABLE_FOLDER_PATH)/Learner";
			};
			name = Debug;
		};
		F7B486522A9B64AA00CDB4E7 /* Release */ = {
			isa = XCBuildConfiguration;
			buildSettings = {
				ALWAYS_EMBED_SWIFT_STANDARD_LIBRARIES = YES;
				BUNDLE_LOADER = "$(TEST_HOST)";
				CODE_SIGN_STYLE = Automatic;
				CURRENT_PROJECT_VERSION = 1;
				GENERATE_INFOPLIST_FILE = YES;
				IPHONEOS_DEPLOYMENT_TARGET = 16.4;
				MACOSX_DEPLOYMENT_TARGET = 13.3;
				MARKETING_VERSION = 1.0;
				PRODUCT_BUNDLE_IDENTIFIER = Cayote.LearnerTests;
				PRODUCT_NAME = "$(TARGET_NAME)";
				SDKROOT = auto;
				SUPPORTED_PLATFORMS = "iphoneos iphonesimulator macosx";
				SWIFT_EMIT_LOC_STRINGS = NO;
				SWIFT_VERSION = 5.0;
				TARGETED_DEVICE_FAMILY = "1,2";
				TEST_HOST = "$(BUILT_PRODUCTS_DIR)/Learner.app/$(BUNDLE_EXECUTABLE_FOLDER_PATH)/Learner";
			};
			name = Release;
		};
		F7B486542A9B64AA00CDB4E7 /* Debug */ = {
			isa = XCBuildConfiguration;
			buildSettings = {
				ALWAYS_EMBED_SWIFT_STANDARD_LIBRARIES = YES;
				CODE_SIGN_STYLE = Automatic;
				CURRENT_PROJECT_VERSION = 1;
				GENERATE_INFOPLIST_FILE = YES;
				IPHONEOS_DEPLOYMENT_TARGET = 16.4;
				MACOSX_DEPLOYMENT_TARGET = 13.3;
				MARKETING_VERSION = 1.0;
				PRODUCT_BUNDLE_IDENTIFIER = Cayote.LearnerUITests;
				PRODUCT_NAME = "$(TARGET_NAME)";
				SDKROOT = auto;
				SUPPORTED_PLATFORMS = "iphoneos iphonesimulator macosx";
				SWIFT_EMIT_LOC_STRINGS = NO;
				SWIFT_VERSION = 5.0;
				TARGETED_DEVICE_FAMILY = "1,2";
				TEST_TARGET_NAME = Learner;
			};
			name = Debug;
		};
		F7B486552A9B64AA00CDB4E7 /* Release */ = {
			isa = XCBuildConfiguration;
			buildSettings = {
				ALWAYS_EMBED_SWIFT_STANDARD_LIBRARIES = YES;
				CODE_SIGN_STYLE = Automatic;
				CURRENT_PROJECT_VERSION = 1;
				GENERATE_INFOPLIST_FILE = YES;
				IPHONEOS_DEPLOYMENT_TARGET = 16.4;
				MACOSX_DEPLOYMENT_TARGET = 13.3;
				MARKETING_VERSION = 1.0;
				PRODUCT_BUNDLE_IDENTIFIER = Cayote.LearnerUITests;
				PRODUCT_NAME = "$(TARGET_NAME)";
				SDKROOT = auto;
				SUPPORTED_PLATFORMS = "iphoneos iphonesimulator macosx";
				SWIFT_EMIT_LOC_STRINGS = NO;
				SWIFT_VERSION = 5.0;
				TARGETED_DEVICE_FAMILY = "1,2";
				TEST_TARGET_NAME = Learner;
			};
			name = Release;
		};
/* End XCBuildConfiguration section */

/* Begin XCConfigurationList section */
		F7B486232A9B64A800CDB4E7 /* Build configuration list for PBXProject "Learner" */ = {
			isa = XCConfigurationList;
			buildConfigurations = (
				F7B4864B2A9B64AA00CDB4E7 /* Debug */,
				F7B4864C2A9B64AA00CDB4E7 /* Release */,
			);
			defaultConfigurationIsVisible = 0;
			defaultConfigurationName = Release;
		};
		F7B4864D2A9B64AA00CDB4E7 /* Build configuration list for PBXNativeTarget "Learner" */ = {
			isa = XCConfigurationList;
			buildConfigurations = (
				F7B4864E2A9B64AA00CDB4E7 /* Debug */,
				F7B4864F2A9B64AA00CDB4E7 /* Release */,
			);
			defaultConfigurationIsVisible = 0;
			defaultConfigurationName = Release;
		};
		F7B486502A9B64AA00CDB4E7 /* Build configuration list for PBXNativeTarget "LearnerTests" */ = {
			isa = XCConfigurationList;
			buildConfigurations = (
				F7B486512A9B64AA00CDB4E7 /* Debug */,
				F7B486522A9B64AA00CDB4E7 /* Release */,
			);
			defaultConfigurationIsVisible = 0;
			defaultConfigurationName = Release;
		};
		F7B486532A9B64AA00CDB4E7 /* Build configuration list for PBXNativeTarget "LearnerUITests" */ = {
			isa = XCConfigurationList;
			buildConfigurations = (
				F7B486542A9B64AA00CDB4E7 /* Debug */,
				F7B486552A9B64AA00CDB4E7 /* Release */,
			);
			defaultConfigurationIsVisible = 0;
			defaultConfigurationName = Release;
		};
/* End XCConfigurationList section */
	};
	rootObject = F7B486202A9B64A800CDB4E7 /* Project object */;
}
